# This file is automatically @generated by Cargo.
# It is not intended for manual editing.
version = 4

[[package]]
name = "capnp"
version = "0.21.0"
source = "registry+https://github.com/rust-lang/crates.io-index"
checksum = "b1d1b4a00e80b7c4b1a49e845365f25c9d8fd0a19c9cd8d66f68afea47b1f020"
dependencies = [
 "embedded-io",
]

[[package]]
name = "capnp-schemas"
version = "0.1.0"
dependencies = [
 "capnp",
 "capnpc",
]

[[package]]
name = "capnpc"
version = "0.21.0"
source = "registry+https://github.com/rust-lang/crates.io-index"
checksum = "5af589f7a7f3e6d920120b913345bd9a2fc65dfd76c5053a142852a5ea2e8609"
dependencies = [
 "capnp",
]

[[package]]
name = "embedded-io"
version = "0.6.1"
source = "registry+https://github.com/rust-lang/crates.io-index"
checksum = "edd0f118536f44f5ccd48bcb8b111bdc3de888b58c74639dfb034a357d0f206d"
